
Microsoft Visual Studio Solution File, Format Version 12.00
# Visual Studio Version 17
VisualStudioVersion = 17.0.31919.166
MinimumVisualStudioVersion = 10.0.40219.1
Project("{9A19103F-16F7-4668-BE54-9A1E7A4F7556}") = "MedicalAppUI", "MedicalAppUI\MedicalAppUI.csproj", "{A4B1483C-1AE5-4C93-A3F1-2F9E554C27E7}"
EndProject
Project("{2150E333-8FDC-42A3-9474-1A3956D46DE8}") = "Solution Items", "Solution Items", "{97F2078A-CA71-4808-8E25-DAED7D069F04}"
	ProjectSection(SolutionItems) = preProject
		.editorconfig = .editorconfig
	EndProjectSection
EndProject
Global
	GlobalSection(SolutionConfigurationPlatforms) = preSolution
		Debug|Any CPU = Debug|Any CPU
		Release|Any CPU = Release|Any CPU
	EndGlobalSection
	GlobalSection(ProjectConfigurationPlatforms) = postSolution
		{A4B1483C-1AE5-4C93-A3F1-2F9E554C27E7}.Debug|Any CPU.ActiveCfg = Debug|Any CPU
		{A4B1483C-1AE5-4C93-A3F1-2F9E554C27E7}.Debug|Any CPU.Build.0 = Debug|Any CPU
		{A4B1483C-1AE5-4C93-A3F1-2F9E554C27E7}.Release|Any CPU.ActiveCfg = Release|Any CPU
		{A4B1483C-1AE5-4C93-A3F1-2F9E554C27E7}.Release|Any CPU.Build.0 = Release|Any CPU
	EndGlobalSection
	GlobalSection(SolutionProperties) = preSolution
		HideSolutionNode = FALSE
	EndGlobalSection
	GlobalSection(ExtensibilityGlobals) = postSolution
		SolutionGuid = {248AF9F4-FA5E-4BFF-A1AA-4E836293302A}
	EndGlobalSection
EndGlobal
